{
  "name": "tarq",
  "version": "0.1.0",
  "lockfileVersion": 3,
  "requires": true,
  "packages": {
    "": {
      "name": "tarq",
      "version": "0.1.0",
      "license": "MIT",
      "dependencies": {
        "tarq_core": "^0.1.5"
      }
    },
    "node_modules/tarq_core": {
      "version": "0.1.5",
      "resolved": "https://registry.npmjs.org/tarq_core/-/tarq_core-0.1.5.tgz",
      "integrity": "sha512-IDVgx0pXWuXtp6PSMcJkiLiR6+IKudcnbF2XydYhIugBgyHNN2StUQ5wANlhh3Rw+1nL2Y2lmQgxC3OhAWGPCQ=="
    }
  }
}
